
Microsoft Visual Studio Solution File, Format Version 12.00
# Visual Studio Version 17
VisualStudioVersion = 17.4.33110.190
MinimumVisualStudioVersion = 10.0.40219.1
Project("{FAE04EC0-301F-11D3-BF4B-00C04F79EFBC}") = "ConsoleApp1", "ConsoleApp1\ConsoleApp1.csproj", "{D118E24B-258D-41B7-BC44-9D78665A5427}"
EndProject
Global
	GlobalSection(SolutionConfigurationPlatforms) = preSolution
		Debug|Any CPU = Debug|Any CPU
		Release|Any CPU = Release|Any CPU
	EndGlobalSection
	GlobalSection(ProjectConfigurationPlatforms) = postSolution
		{D118E24B-258D-41B7-BC44-9D78665A5427}.Debug|Any CPU.ActiveCfg = Debug|Any CPU
		{D118E24B-258D-41B7-BC44-9D78665A5427}.Debug|Any CPU.Build.0 = Debug|Any CPU
		{D118E24B-258D-41B7-BC44-9D78665A5427}.Release|Any CPU.ActiveCfg = Release|Any CPU
		{D118E24B-258D-41B7-BC44-9D78665A5427}.Release|Any CPU.Build.0 = Release|Any CPU
	EndGlobalSection
	GlobalSection(SolutionProperties) = preSolution
		HideSolutionNode = FALSE
	EndGlobalSection
	GlobalSection(ExtensibilityGlobals) = postSolution
		SolutionGuid = {D79CCA23-53C3-4910-88A1-C072C2C511F3}
	EndGlobalSection
EndGlobal
